
Microsoft Visual Studio Solution File, Format Version 12.00
# Visual Studio Version 16
VisualStudioVersion = 16.0.30309.148
MinimumVisualStudioVersion = 10.0.40219.1
Project("{FAE04EC0-301F-11D3-BF4B-00C04F79EFBC}") = "vsdemopipeline.web", "vsdemopipeline.web\vsdemopipeline.web.csproj", "{63388B20-71D4-437F-843A-6DA6AE174E8A}"
EndProject
Global
	GlobalSection(SolutionConfigurationPlatforms) = preSolution
		Debug|Any CPU = Debug|Any CPU
		Release|Any CPU = Release|Any CPU
	EndGlobalSection
	GlobalSection(ProjectConfigurationPlatforms) = postSolution
		{63388B20-71D4-437F-843A-6DA6AE174E8A}.Debug|Any CPU.ActiveCfg = Debug|Any CPU
		{63388B20-71D4-437F-843A-6DA6AE174E8A}.Debug|Any CPU.Build.0 = Debug|Any CPU
		{63388B20-71D4-437F-843A-6DA6AE174E8A}.Release|Any CPU.ActiveCfg = Release|Any CPU
		{63388B20-71D4-437F-843A-6DA6AE174E8A}.Release|Any CPU.Build.0 = Release|Any CPU
	EndGlobalSection
	GlobalSection(SolutionProperties) = preSolution
		HideSolutionNode = FALSE
	EndGlobalSection
	GlobalSection(ExtensibilityGlobals) = postSolution
		SolutionGuid = {E4B500E5-8D77-4F4E-99C7-EB828362F4D6}
	EndGlobalSection
EndGlobal
